
Microsoft Visual Studio Solution File, Format Version 12.00
# Visual Studio Version 17
VisualStudioVersion = 17.13.35828.75 d17.13
MinimumVisualStudioVersion = 10.0.40219.1
Project("{FAE04EC0-301F-11D3-BF4B-00C04F79EFBC}") = "Ejecucion", "Ejecucion\Ejecucion.csproj", "{A929E475-B94E-4565-959A-73FF8758E142}"
EndProject
Global
	GlobalSection(SolutionConfigurationPlatforms) = preSolution
		Debug|Any CPU = Debug|Any CPU
		Release|Any CPU = Release|Any CPU
	EndGlobalSection
	GlobalSection(ProjectConfigurationPlatforms) = postSolution
		{A929E475-B94E-4565-959A-73FF8758E142}.Debug|Any CPU.ActiveCfg = Debug|Any CPU
		{A929E475-B94E-4565-959A-73FF8758E142}.Debug|Any CPU.Build.0 = Debug|Any CPU
		{A929E475-B94E-4565-959A-73FF8758E142}.Release|Any CPU.ActiveCfg = Release|Any CPU
		{A929E475-B94E-4565-959A-73FF8758E142}.Release|Any CPU.Build.0 = Release|Any CPU
	EndGlobalSection
	GlobalSection(SolutionProperties) = preSolution
		HideSolutionNode = FALSE
	EndGlobalSection
	GlobalSection(ExtensibilityGlobals) = postSolution
		SolutionGuid = {C8C9637F-89C3-4D13-9B6E-A618BE2C6D54}
	EndGlobalSection
EndGlobal
